
Microsoft Visual Studio Solution File, Format Version 12.00
# Visual Studio 15
VisualStudioVersion = 15.0.26730.3
MinimumVisualStudioVersion = 10.0.40219.1
Project("{FAE04EC0-301F-11D3-BF4B-00C04F79EFBC}") = "ldap_test", "ldap_test\ldap_test.csproj", "{0DB4BD01-2C5B-4A82-9CDE-4C39B8CCE8FD}"
EndProject
Global
	GlobalSection(SolutionConfigurationPlatforms) = preSolution
		Debug|Any CPU = Debug|Any CPU
		Release|Any CPU = Release|Any CPU
	EndGlobalSection
	GlobalSection(ProjectConfigurationPlatforms) = postSolution
		{0DB4BD01-2C5B-4A82-9CDE-4C39B8CCE8FD}.Debug|Any CPU.ActiveCfg = Debug|Any CPU
		{0DB4BD01-2C5B-4A82-9CDE-4C39B8CCE8FD}.Debug|Any CPU.Build.0 = Debug|Any CPU
		{0DB4BD01-2C5B-4A82-9CDE-4C39B8CCE8FD}.Release|Any CPU.ActiveCfg = Release|Any CPU
		{0DB4BD01-2C5B-4A82-9CDE-4C39B8CCE8FD}.Release|Any CPU.Build.0 = Release|Any CPU
	EndGlobalSection
	GlobalSection(SolutionProperties) = preSolution
		HideSolutionNode = FALSE
	EndGlobalSection
	GlobalSection(ExtensibilityGlobals) = postSolution
		SolutionGuid = {6C4A1147-BAE7-4D7E-908D-24C2B48755E8}
	EndGlobalSection
EndGlobal
