
Microsoft Visual Studio Solution File, Format Version 12.00
# Visual Studio 15
VisualStudioVersion = 15.0.26730.12
MinimumVisualStudioVersion = 10.0.40219.1
Project("{FAE04EC0-301F-11D3-BF4B-00C04F79EFBC}") = "ps_test", "ps_test\ps_test.csproj", "{DDB14261-D945-4BA5-ACA9-E82899CD5AA4}"
EndProject
Global
	GlobalSection(SolutionConfigurationPlatforms) = preSolution
		Debug|Any CPU = Debug|Any CPU
		Release|Any CPU = Release|Any CPU
	EndGlobalSection
	GlobalSection(ProjectConfigurationPlatforms) = postSolution
		{DDB14261-D945-4BA5-ACA9-E82899CD5AA4}.Debug|Any CPU.ActiveCfg = Debug|Any CPU
		{DDB14261-D945-4BA5-ACA9-E82899CD5AA4}.Debug|Any CPU.Build.0 = Debug|Any CPU
		{DDB14261-D945-4BA5-ACA9-E82899CD5AA4}.Release|Any CPU.ActiveCfg = Release|Any CPU
		{DDB14261-D945-4BA5-ACA9-E82899CD5AA4}.Release|Any CPU.Build.0 = Release|Any CPU
	EndGlobalSection
	GlobalSection(SolutionProperties) = preSolution
		HideSolutionNode = FALSE
	EndGlobalSection
	GlobalSection(ExtensibilityGlobals) = postSolution
		SolutionGuid = {F009CD12-C2C6-4E24-A39D-CAC0CABCF820}
	EndGlobalSection
EndGlobal
